
Microsoft Visual Studio Solution File, Format Version 12.00
# Visual Studio Version 16
VisualStudioVersion = 16.0.29209.62
MinimumVisualStudioVersion = 10.0.40219.1
Project("{9A19103F-16F7-4668-BE54-9A1E7A4F7556}") = "SplitThatBill.Backend.API", "src\SplitThatBill.Backend.API\SplitThatBill.Backend.API.csproj", "{03861545-DB5A-440C-B406-966B131444C3}"
EndProject
Project("{9A19103F-16F7-4668-BE54-9A1E7A4F7556}") = "SplitThatBill.Backend.Core", "src\SplitThatBill.Backend.Core\SplitThatBill.Backend.Core.csproj", "{689A8F73-A3B0-4DAB-82A6-477488CB7DE9}"
EndProject
Project("{9A19103F-16F7-4668-BE54-9A1E7A4F7556}") = "SplitThatBill.Backend.Data", "src\SplitThatBill.Backend.Data\SplitThatBill.Backend.Data.csproj", "{465BAF5B-CAB8-4B2E-A9A5-31B3480FB715}"
EndProject
Project("{9A19103F-16F7-4668-BE54-9A1E7A4F7556}") = "SplitThatBill.Backend.Business", "src\SplitThatBill.Backend.Business\SplitThatBill.Backend.Business.csproj", "{943BE494-6ABA-4ECD-9192-A5CC2304FA1D}"
EndProject
Project("{FAE04EC0-301F-11D3-BF4B-00C04F79EFBC}") = "SplitThatBill.Backend.SharedKernel", "src\SplitThatBill.Backend.SharedKernel\SplitThatBill.Backend.SharedKernel.csproj", "{33D77F56-FBE7-4D7A-940D-44979547F296}"
EndProject
Global
	GlobalSection(SolutionConfigurationPlatforms) = preSolution
		Debug|Any CPU = Debug|Any CPU
		Release|Any CPU = Release|Any CPU
	EndGlobalSection
	GlobalSection(ProjectConfigurationPlatforms) = postSolution
		{03861545-DB5A-440C-B406-966B131444C3}.Debug|Any CPU.ActiveCfg = Debug|Any CPU
		{03861545-DB5A-440C-B406-966B131444C3}.Debug|Any CPU.Build.0 = Debug|Any CPU
		{03861545-DB5A-440C-B406-966B131444C3}.Release|Any CPU.ActiveCfg = Release|Any CPU
		{03861545-DB5A-440C-B406-966B131444C3}.Release|Any CPU.Build.0 = Release|Any CPU
		{689A8F73-A3B0-4DAB-82A6-477488CB7DE9}.Debug|Any CPU.ActiveCfg = Debug|Any CPU
		{689A8F73-A3B0-4DAB-82A6-477488CB7DE9}.Debug|Any CPU.Build.0 = Debug|Any CPU
		{689A8F73-A3B0-4DAB-82A6-477488CB7DE9}.Release|Any CPU.ActiveCfg = Release|Any CPU
		{689A8F73-A3B0-4DAB-82A6-477488CB7DE9}.Release|Any CPU.Build.0 = Release|Any CPU
		{465BAF5B-CAB8-4B2E-A9A5-31B3480FB715}.Debug|Any CPU.ActiveCfg = Debug|Any CPU
		{465BAF5B-CAB8-4B2E-A9A5-31B3480FB715}.Debug|Any CPU.Build.0 = Debug|Any CPU
		{465BAF5B-CAB8-4B2E-A9A5-31B3480FB715}.Release|Any CPU.ActiveCfg = Release|Any CPU
		{465BAF5B-CAB8-4B2E-A9A5-31B3480FB715}.Release|Any CPU.Build.0 = Release|Any CPU
		{943BE494-6ABA-4ECD-9192-A5CC2304FA1D}.Debug|Any CPU.ActiveCfg = Debug|Any CPU
		{943BE494-6ABA-4ECD-9192-A5CC2304FA1D}.Debug|Any CPU.Build.0 = Debug|Any CPU
		{943BE494-6ABA-4ECD-9192-A5CC2304FA1D}.Release|Any CPU.ActiveCfg = Release|Any CPU
		{943BE494-6ABA-4ECD-9192-A5CC2304FA1D}.Release|Any CPU.Build.0 = Release|Any CPU
		{33D77F56-FBE7-4D7A-940D-44979547F296}.Debug|Any CPU.ActiveCfg = Debug|Any CPU
		{33D77F56-FBE7-4D7A-940D-44979547F296}.Debug|Any CPU.Build.0 = Debug|Any CPU
		{33D77F56-FBE7-4D7A-940D-44979547F296}.Release|Any CPU.ActiveCfg = Release|Any CPU
		{33D77F56-FBE7-4D7A-940D-44979547F296}.Release|Any CPU.Build.0 = Release|Any CPU
	EndGlobalSection
	GlobalSection(SolutionProperties) = preSolution
		HideSolutionNode = FALSE
	EndGlobalSection
	GlobalSection(ExtensibilityGlobals) = postSolution
		SolutionGuid = {F361E058-7BFD-4467-B233-2D3C9AECE260}
	EndGlobalSection
	GlobalSection(MonoDevelopProperties) = preSolution
		Policies = $0
		$0.DotNetNamingPolicy = $1
		$1.DirectoryNamespaceAssociation = PrefixedHierarchical
		$0.TextStylePolicy = $2
		$2.FileWidth = 80
		$2.TabsToSpaces = True
		$2.scope = text/x-csharp
		$0.CSharpFormattingPolicy = $3
		$3.scope = text/x-csharp
		$0.TextStylePolicy = $4
		$4.FileWidth = 80
		$4.TabsToSpaces = True
		$4.scope = text/plain
		$0.TextStylePolicy = $5
		$5.inheritsSet = null
		$5.scope = text/x-json
		$0.JSONFormattingPolicy = $6
		$6.AutoStructureCompletion = True
		$6.BracePositions = SemiExpanded
		$6.FormatOnPaste = True
		$6.scope = text/x-json
		$0.TextStylePolicy = $7
		$7.inheritsSet = null
		$7.scope = text/x-web
		$0.TextStylePolicy = $8
		$8.inheritsSet = null
		$8.scope = text/x-vs
		$0.StandardHeader = $9
		$0.VersionControlPolicy = $10
	EndGlobalSection
EndGlobal
